
Microsoft Visual Studio Solution File, Format Version 12.00
# Visual Studio Version 17
VisualStudioVersion = 17.0.31903.59
MinimumVisualStudioVersion = 10.0.40219.1
Project("{2150E333-8FDC-42A3-9474-1A3956D46DE8}") = "Modules", "Modules", "{E8822694-42CE-4C16-BFEB-21BEEA76BC74}"
EndProject
Project("{2150E333-8FDC-42A3-9474-1A3956D46DE8}") = "Client", "Client", "{9ADC972C-1A05-4729-A6AA-42E766CCFDC6}"
EndProject
Project("{9A19103F-16F7-4668-BE54-9A1E7A4F7556}") = "Excellerent.Standard.Advanced.Client.Core", "src\Modules\Client\Excellerent.Standard.Advanced.Client.Core\Excellerent.Standard.Advanced.Client.Core.csproj", "{E123287D-F4C3-458D-B25F-5EB747883093}"
EndProject
Project("{9A19103F-16F7-4668-BE54-9A1E7A4F7556}") = "Excellerent.Standard.Advanced.Client.Infrastructure", "src\Modules\Client\Excellerent.Standard.Advanced.Client.Infrastructure\Excellerent.Standard.Advanced.Client.Infrastructure.csproj", "{5EDCE4E7-A8FA-45B7-98DF-52346C1168B3}"
EndProject
Project("{9A19103F-16F7-4668-BE54-9A1E7A4F7556}") = "Excellerent.Standard.Advanced.Client.Shared", "src\Modules\Client\Excellerent.Standard.Advanced.Client.Shared\Excellerent.Standard.Advanced.Client.Shared.csproj", "{B44BBFA5-F657-4D2D-8542-F6C4F359B805}"
EndProject
Project("{2150E333-8FDC-42A3-9474-1A3956D46DE8}") = "Project", "Project", "{96B23702-378B-4ACD-A860-56FECA837C48}"
EndProject
Project("{9A19103F-16F7-4668-BE54-9A1E7A4F7556}") = "Excellerent.Standard.Advanced.Project.Shared", "src\Modules\Project\Excellerent.Standard.Advanced.Project.Shared\Excellerent.Standard.Advanced.Project.Shared.csproj", "{1365BC9B-EEA5-47C2-9381-F6F5639D918E}"
EndProject
Project("{9A19103F-16F7-4668-BE54-9A1E7A4F7556}") = "Excellerent.Standard.Advanced.Project.Core", "src\Modules\Project\Excellerent.Standard.Advanced.Project.Core\Excellerent.Standard.Advanced.Project.Core.csproj", "{F5C2EAA2-5427-4831-B472-D50C43FA4036}"
EndProject
Project("{9A19103F-16F7-4668-BE54-9A1E7A4F7556}") = "Excellerent.Standard.Advanced.Project.Infrastructure", "src\Modules\Project\Excellerent.Standard.Advanced.Project.Infrastructure\Excellerent.Standard.Advanced.Project.Infrastructure.csproj", "{0CE97ED2-8152-4868-A9D4-9DF8A5ED6A68}"
EndProject
Project("{9A19103F-16F7-4668-BE54-9A1E7A4F7556}") = "Excellerent.Standard.Advanced.Project.Api", "src\Modules\Project\Excellerent.Standard.Advanced.Project.Api\Excellerent.Standard.Advanced.Project.Api.csproj", "{046426AC-361A-4A11-994A-3D50FD0E4FB3}"
EndProject
Project("{9A19103F-16F7-4668-BE54-9A1E7A4F7556}") = "Excellerent.Standard.Advanced.Shared", "src\Excellerent.Standard.Advanced.Shared\Excellerent.Standard.Advanced.Shared.csproj", "{925CCF7E-9255-47FE-A276-7E56BD5DCBA4}"
EndProject
Project("{9A19103F-16F7-4668-BE54-9A1E7A4F7556}") = "Excellerent.Standard.Advanced.Client.Api", "src\Modules\Client\Excellerent.Standard.Advanced.Client.Api\Excellerent.Standard.Advanced.Client.Api.csproj", "{C20D44E5-B505-4BD8-A355-E50162DB2AC7}"
EndProject
Project("{2150E333-8FDC-42A3-9474-1A3956D46DE8}") = "src", "src", "{E0CDBCAC-715B-43CF-BA82-F2C7C43C6001}"
EndProject
Project("{2150E333-8FDC-42A3-9474-1A3956D46DE8}") = "Bootstrapper", "Bootstrapper", "{0E92A5AD-7D99-475F-8A28-4147F203E561}"
EndProject
Project("{9A19103F-16F7-4668-BE54-9A1E7A4F7556}") = "Excellerent.Standard.Bootstrapper", "src\Bootstrapper\Excellerent.Standard.Bootstrapper\Excellerent.Standard.Bootstrapper.csproj", "{119FAF5E-CBDD-4B0E-BFC7-4573E7B4E5C4}"
EndProject
Global
	GlobalSection(SolutionConfigurationPlatforms) = preSolution
		Debug|Any CPU = Debug|Any CPU
		Release|Any CPU = Release|Any CPU
	EndGlobalSection
	GlobalSection(ProjectConfigurationPlatforms) = postSolution
		{E123287D-F4C3-458D-B25F-5EB747883093}.Debug|Any CPU.ActiveCfg = Debug|Any CPU
		{E123287D-F4C3-458D-B25F-5EB747883093}.Debug|Any CPU.Build.0 = Debug|Any CPU
		{E123287D-F4C3-458D-B25F-5EB747883093}.Release|Any CPU.ActiveCfg = Release|Any CPU
		{E123287D-F4C3-458D-B25F-5EB747883093}.Release|Any CPU.Build.0 = Release|Any CPU
		{5EDCE4E7-A8FA-45B7-98DF-52346C1168B3}.Debug|Any CPU.ActiveCfg = Debug|Any CPU
		{5EDCE4E7-A8FA-45B7-98DF-52346C1168B3}.Debug|Any CPU.Build.0 = Debug|Any CPU
		{5EDCE4E7-A8FA-45B7-98DF-52346C1168B3}.Release|Any CPU.ActiveCfg = Release|Any CPU
		{5EDCE4E7-A8FA-45B7-98DF-52346C1168B3}.Release|Any CPU.Build.0 = Release|Any CPU
		{B44BBFA5-F657-4D2D-8542-F6C4F359B805}.Debug|Any CPU.ActiveCfg = Debug|Any CPU
		{B44BBFA5-F657-4D2D-8542-F6C4F359B805}.Debug|Any CPU.Build.0 = Debug|Any CPU
		{B44BBFA5-F657-4D2D-8542-F6C4F359B805}.Release|Any CPU.ActiveCfg = Release|Any CPU
		{B44BBFA5-F657-4D2D-8542-F6C4F359B805}.Release|Any CPU.Build.0 = Release|Any CPU
		{1365BC9B-EEA5-47C2-9381-F6F5639D918E}.Debug|Any CPU.ActiveCfg = Debug|Any CPU
		{1365BC9B-EEA5-47C2-9381-F6F5639D918E}.Debug|Any CPU.Build.0 = Debug|Any CPU
		{1365BC9B-EEA5-47C2-9381-F6F5639D918E}.Release|Any CPU.ActiveCfg = Release|Any CPU
		{1365BC9B-EEA5-47C2-9381-F6F5639D918E}.Release|Any CPU.Build.0 = Release|Any CPU
		{F5C2EAA2-5427-4831-B472-D50C43FA4036}.Debug|Any CPU.ActiveCfg = Debug|Any CPU
		{F5C2EAA2-5427-4831-B472-D50C43FA4036}.Debug|Any CPU.Build.0 = Debug|Any CPU
		{F5C2EAA2-5427-4831-B472-D50C43FA4036}.Release|Any CPU.ActiveCfg = Release|Any CPU
		{F5C2EAA2-5427-4831-B472-D50C43FA4036}.Release|Any CPU.Build.0 = Release|Any CPU
		{0CE97ED2-8152-4868-A9D4-9DF8A5ED6A68}.Debug|Any CPU.ActiveCfg = Debug|Any CPU
		{0CE97ED2-8152-4868-A9D4-9DF8A5ED6A68}.Debug|Any CPU.Build.0 = Debug|Any CPU
		{0CE97ED2-8152-4868-A9D4-9DF8A5ED6A68}.Release|Any CPU.ActiveCfg = Release|Any CPU
		{0CE97ED2-8152-4868-A9D4-9DF8A5ED6A68}.Release|Any CPU.Build.0 = Release|Any CPU
		{046426AC-361A-4A11-994A-3D50FD0E4FB3}.Debug|Any CPU.ActiveCfg = Debug|Any CPU
		{046426AC-361A-4A11-994A-3D50FD0E4FB3}.Debug|Any CPU.Build.0 = Debug|Any CPU
		{046426AC-361A-4A11-994A-3D50FD0E4FB3}.Release|Any CPU.ActiveCfg = Release|Any CPU
		{046426AC-361A-4A11-994A-3D50FD0E4FB3}.Release|Any CPU.Build.0 = Release|Any CPU
		{925CCF7E-9255-47FE-A276-7E56BD5DCBA4}.Debug|Any CPU.ActiveCfg = Debug|Any CPU
		{925CCF7E-9255-47FE-A276-7E56BD5DCBA4}.Debug|Any CPU.Build.0 = Debug|Any CPU
		{925CCF7E-9255-47FE-A276-7E56BD5DCBA4}.Release|Any CPU.ActiveCfg = Release|Any CPU
		{925CCF7E-9255-47FE-A276-7E56BD5DCBA4}.Release|Any CPU.Build.0 = Release|Any CPU
		{C20D44E5-B505-4BD8-A355-E50162DB2AC7}.Debug|Any CPU.ActiveCfg = Debug|Any CPU
		{C20D44E5-B505-4BD8-A355-E50162DB2AC7}.Debug|Any CPU.Build.0 = Debug|Any CPU
		{C20D44E5-B505-4BD8-A355-E50162DB2AC7}.Release|Any CPU.ActiveCfg = Release|Any CPU
		{C20D44E5-B505-4BD8-A355-E50162DB2AC7}.Release|Any CPU.Build.0 = Release|Any CPU
		{119FAF5E-CBDD-4B0E-BFC7-4573E7B4E5C4}.Debug|Any CPU.ActiveCfg = Debug|Any CPU
		{119FAF5E-CBDD-4B0E-BFC7-4573E7B4E5C4}.Debug|Any CPU.Build.0 = Debug|Any CPU
		{119FAF5E-CBDD-4B0E-BFC7-4573E7B4E5C4}.Release|Any CPU.ActiveCfg = Release|Any CPU
		{119FAF5E-CBDD-4B0E-BFC7-4573E7B4E5C4}.Release|Any CPU.Build.0 = Release|Any CPU
	EndGlobalSection
	GlobalSection(SolutionProperties) = preSolution
		HideSolutionNode = FALSE
	EndGlobalSection
	GlobalSection(NestedProjects) = preSolution
		{9ADC972C-1A05-4729-A6AA-42E766CCFDC6} = {E8822694-42CE-4C16-BFEB-21BEEA76BC74}
		{E123287D-F4C3-458D-B25F-5EB747883093} = {9ADC972C-1A05-4729-A6AA-42E766CCFDC6}
		{5EDCE4E7-A8FA-45B7-98DF-52346C1168B3} = {9ADC972C-1A05-4729-A6AA-42E766CCFDC6}
		{B44BBFA5-F657-4D2D-8542-F6C4F359B805} = {9ADC972C-1A05-4729-A6AA-42E766CCFDC6}
		{96B23702-378B-4ACD-A860-56FECA837C48} = {E8822694-42CE-4C16-BFEB-21BEEA76BC74}
		{1365BC9B-EEA5-47C2-9381-F6F5639D918E} = {96B23702-378B-4ACD-A860-56FECA837C48}
		{F5C2EAA2-5427-4831-B472-D50C43FA4036} = {96B23702-378B-4ACD-A860-56FECA837C48}
		{0CE97ED2-8152-4868-A9D4-9DF8A5ED6A68} = {96B23702-378B-4ACD-A860-56FECA837C48}
		{046426AC-361A-4A11-994A-3D50FD0E4FB3} = {96B23702-378B-4ACD-A860-56FECA837C48}
		{C20D44E5-B505-4BD8-A355-E50162DB2AC7} = {9ADC972C-1A05-4729-A6AA-42E766CCFDC6}
		{0E92A5AD-7D99-475F-8A28-4147F203E561} = {E0CDBCAC-715B-43CF-BA82-F2C7C43C6001}
		{119FAF5E-CBDD-4B0E-BFC7-4573E7B4E5C4} = {0E92A5AD-7D99-475F-8A28-4147F203E561}
	EndGlobalSection
	GlobalSection(ExtensibilityGlobals) = postSolution
		SolutionGuid = {55C6F542-E696-4F67-9D31-BD87AC7F1714}
	EndGlobalSection
EndGlobal
